
Microsoft Visual Studio Solution File, Format Version 12.00
# Visual Studio Version 17
VisualStudioVersion = 17.11.35327.3
MinimumVisualStudioVersion = 10.0.40219.1
Project("{FAE04EC0-301F-11D3-BF4B-00C04F79EFBC}") = "Lab0", "Lab0.csproj", "{3DE86274-D370-4408-AD04-90A1362A88F5}"
EndProject
Global
	GlobalSection(SolutionConfigurationPlatforms) = preSolution
		Debug|Any CPU = Debug|Any CPU
		Release|Any CPU = Release|Any CPU
	EndGlobalSection
	GlobalSection(ProjectConfigurationPlatforms) = postSolution
		{3DE86274-D370-4408-AD04-90A1362A88F5}.Debug|Any CPU.ActiveCfg = Debug|Any CPU
		{3DE86274-D370-4408-AD04-90A1362A88F5}.Debug|Any CPU.Build.0 = Debug|Any CPU
		{3DE86274-D370-4408-AD04-90A1362A88F5}.Release|Any CPU.ActiveCfg = Release|Any CPU
		{3DE86274-D370-4408-AD04-90A1362A88F5}.Release|Any CPU.Build.0 = Release|Any CPU
	EndGlobalSection
	GlobalSection(SolutionProperties) = preSolution
		HideSolutionNode = FALSE
	EndGlobalSection
	GlobalSection(ExtensibilityGlobals) = postSolution
		SolutionGuid = {83D654AE-B06C-4ED7-A4E8-9ABB20243BE8}
	EndGlobalSection
EndGlobal
